<?xml version="1.0" encoding="utf-8"?>
<Project ToolsVersion="4.0" xmlns="http://schemas.microsoft.com/developer/msbuild/2003">
  <ItemGroup>
    <Filter Include="소스 파일">
      <UniqueIdentifier>{4FC737F1-C7A5-4376-A066-2A32D752A2FF}</UniqueIdentifier>
      <Extensions>cpp;c;cc;cxx;c++;cppm;ixx;def;odl;idl;hpj;bat;asm;asmx</Extensions>
    </Filter>
    <Filter Include="헤더 파일">
      <UniqueIdentifier>{93995380-89BD-4b04-88EB-625FBE52EBFB}</UniqueIdentifier>
      <Extensions>h;hh;hpp;hxx;h++;hm;inl;inc;ipp;xsd</Extensions>
    </Filter>
    <Filter Include="리소스 파일">
      <UniqueIdentifier>{67DA6AB6-F800-4c08-8B7A-83BB121AAD01}</UniqueIdentifier>
      <Extensions>rc;ico;cur;bmp;dlg;rc2;rct;bin;rgs;gif;jpg;jpeg;jpe;resx;tiff;tif;png;wav;mfcribbon-ms</Extensions>
    </Filter>
    <Filter Include="00. MainGame">
      <UniqueIdentifier>{64c9af91-db02-4f0f-94ea-829ec5a9845a}</UniqueIdentifier>
    </Filter>
    <Filter Include="01. Object">
      <UniqueIdentifier>{7ea83717-0f83-4962-9359-5b983ec65225}</UniqueIdentifier>
    </Filter>
    <Filter Include="01. Object\00. Object">
      <UniqueIdentifier>{b84d2486-f509-4e1b-8bd2-05793e03817b}</UniqueIdentifier>
    </Filter>
    <Filter Include="02. Component">
      <UniqueIdentifier>{8ab1d719-9862-4d9c-9139-f0f3fdb9ff6f}</UniqueIdentifier>
    </Filter>
    <Filter Include="02. Component\00. Core">
      <UniqueIdentifier>{60527944-57a2-4f7d-90bd-d218a156db9d}</UniqueIdentifier>
    </Filter>
    <Filter Include="10. Utils">
      <UniqueIdentifier>{95b14b29-ae3c-422f-ab98-ed8fda310753}</UniqueIdentifier>
    </Filter>
    <Filter Include="10. Utils\00. Vector">
      <UniqueIdentifier>{6743e135-85d4-42ff-bb06-694b302ba7ec}</UniqueIdentifier>
    </Filter>
    <Filter Include="02. Component\01. State">
      <UniqueIdentifier>{62f6835c-5805-47be-b9e6-7906be52ba37}</UniqueIdentifier>
    </Filter>
    <Filter Include="02. Component\02. Animation">
      <UniqueIdentifier>{20108caa-f335-49ff-8677-b39fda173198}</UniqueIdentifier>
    </Filter>
    <Filter Include="20. Player">
      <UniqueIdentifier>{d1f44b87-effc-45e0-a2d0-95292cdae49f}</UniqueIdentifier>
    </Filter>
    <Filter Include="20. Player\00. Player">
      <UniqueIdentifier>{f2cfe3ae-f458-4abd-9563-00f936168a15}</UniqueIdentifier>
    </Filter>
    <Filter Include="20. Player\01. StateMachine">
      <UniqueIdentifier>{232fe9bd-f399-452c-9367-eda5f1d843fe}</UniqueIdentifier>
    </Filter>
    <Filter Include="20. Player\02. State">
      <UniqueIdentifier>{ccdc8780-0b9a-4d8d-b3bd-fad1e262b5c4}</UniqueIdentifier>
    </Filter>
    <Filter Include="10. Utils\01. Object">
      <UniqueIdentifier>{3f89eef7-27ea-472c-861e-00a9e723841e}</UniqueIdentifier>
    </Filter>
    <Filter Include="10. Utils\02. STL">
      <UniqueIdentifier>{88a3fb32-c817-4132-810f-4e1f458bef83}</UniqueIdentifier>
    </Filter>
    <Filter Include="03. Manager">
      <UniqueIdentifier>{facabf70-431a-4574-bfec-48a38baeeeb3}</UniqueIdentifier>
    </Filter>
    <Filter Include="03. Manager\00. Manager">
      <UniqueIdentifier>{7e52c709-2f01-4c49-ba85-543a09981dba}</UniqueIdentifier>
    </Filter>
    <Filter Include="03. Manager\01. InputManager">
      <UniqueIdentifier>{d56d1f83-28c8-4eba-8253-7a68c2997a78}</UniqueIdentifier>
    </Filter>
    <Filter Include="03. Manager\02. SceneManager">
      <UniqueIdentifier>{9aa28148-da91-4de0-ad2f-a03a401309ff}</UniqueIdentifier>
    </Filter>
    <Filter Include="03. Manager\03. BmpManager">
      <UniqueIdentifier>{1c5b6d98-25ab-478a-a532-c4b8c037004e}</UniqueIdentifier>
    </Filter>
    <Filter Include="03. Manager\04. ObjectManager">
      <UniqueIdentifier>{45171b12-5cf2-4f62-821a-01f1518dc74b}</UniqueIdentifier>
    </Filter>
    <Filter Include="03. Manager\03. BmpManager\00. Bmp">
      <UniqueIdentifier>{2d018acc-0471-49a2-805f-06ed21acd4f4}</UniqueIdentifier>
    </Filter>
    <Filter Include="04. Scene">
      <UniqueIdentifier>{b875c32e-d503-4d97-ae17-38ad395ae415}</UniqueIdentifier>
    </Filter>
    <Filter Include="03. Manager\01. InputManager\KeyInfo">
      <UniqueIdentifier>{039563a5-4b12-4431-bb14-11dad5e3a548}</UniqueIdentifier>
    </Filter>
    <Filter Include="10. Utils\01. Object\ObjectFactory">
      <UniqueIdentifier>{59b744d3-8129-41de-bef8-c19894a65a53}</UniqueIdentifier>
    </Filter>
    <Filter Include="10. Utils\01. Object\Release">
      <UniqueIdentifier>{b6877edf-e03e-4003-945b-2e82759181f2}</UniqueIdentifier>
    </Filter>
    <Filter Include="02. Component\03. Stat">
      <UniqueIdentifier>{0081f80d-f5eb-4cbd-ad64-31af28023043}</UniqueIdentifier>
    </Filter>
    <Filter Include="20. Player\02. State\00. PlayerState">
      <UniqueIdentifier>{0a1e727d-181f-4cce-842d-d80d84642932}</UniqueIdentifier>
    </Filter>
    <Filter Include="03. Manager\05. CameraManager">
      <UniqueIdentifier>{829e0a7f-f10d-4fb9-849b-1800f3bdbb48}</UniqueIdentifier>
    </Filter>
    <Filter Include="03. Manager\06. CollisionManager">
      <UniqueIdentifier>{7d24687c-b77c-428a-847d-eaedff3611db}</UniqueIdentifier>
    </Filter>
    <Filter Include="25. Map">
      <UniqueIdentifier>{a52ab8ca-262b-4a5a-81a6-b7de72e775a0}</UniqueIdentifier>
    </Filter>
    <Filter Include="03. Manager\07. CMapManager">
      <UniqueIdentifier>{379f9cef-1ab0-47d7-8a98-22d5f0846feb}</UniqueIdentifier>
    </Filter>
    <Filter Include="21. Enemy">
      <UniqueIdentifier>{4b31282b-537a-4852-8661-bacae5490ef9}</UniqueIdentifier>
    </Filter>
    <Filter Include="22. Weapon">
      <UniqueIdentifier>{d5c31d59-ba33-4a96-9b9a-abe2d2748ae1}</UniqueIdentifier>
    </Filter>
    <Filter Include="23. Item">
      <UniqueIdentifier>{04325899-d7fd-48fd-90d7-d241368abdfc}</UniqueIdentifier>
    </Filter>
    <Filter Include="05.UI">
      <UniqueIdentifier>{f3fa8a8c-b511-4250-9c6f-38224bf3e399}</UniqueIdentifier>
    </Filter>
    <Filter Include="05.UI\00. UIComponent">
      <UniqueIdentifier>{1d8c43a2-c447-4ac5-a907-0aee37afcdc2}</UniqueIdentifier>
    </Filter>
    <Filter Include="05.UI\00. UIComponent\01. Pointer">
      <UniqueIdentifier>{b6ade24d-ec90-477e-91de-4119a76af836}</UniqueIdentifier>
    </Filter>
    <Filter Include="05.UI\01. Button">
      <UniqueIdentifier>{c3132bfd-2d27-45f2-ac5e-21e2a3705bb2}</UniqueIdentifier>
    </Filter>
    <Filter Include="24. Bullet">
      <UniqueIdentifier>{19f581f4-85cb-42d2-8bb3-236150315d30}</UniqueIdentifier>
    </Filter>
    <Filter Include="24. Bullet\00. Bullet">
      <UniqueIdentifier>{530cd5c5-f13c-4651-8883-cf8580716439}</UniqueIdentifier>
    </Filter>
    <Filter Include="24. Bullet\01. PlayerBullet">
      <UniqueIdentifier>{f5475e2b-9e1e-4f46-ac2f-126c063705be}</UniqueIdentifier>
    </Filter>
    <Filter Include="05.UI\02. Mouse">
      <UniqueIdentifier>{140840f8-acd2-4e1c-8c6d-8b1bddff45dd}</UniqueIdentifier>
    </Filter>
    <Filter Include="10. Utils\03. Shader">
      <UniqueIdentifier>{d37573eb-3aca-42a7-a3fd-4d87d134202d}</UniqueIdentifier>
    </Filter>
    <Filter Include="03. Manager\08. UIManager">
      <UniqueIdentifier>{b4a7f82f-f45c-4522-bc01-060395185809}</UniqueIdentifier>
    </Filter>
    <Filter Include="05.UI\03. HUD">
      <UniqueIdentifier>{4da2a090-7d45-4fd5-a1fb-8f5d54702911}</UniqueIdentifier>
    </Filter>
    <Filter Include="26. MapObject">
      <UniqueIdentifier>{b356f9aa-63fe-4c00-8989-676bfb7a8aff}</UniqueIdentifier>
    </Filter>
    <Filter Include="25. Map\00. Map">
      <UniqueIdentifier>{11d3e4a7-69a7-4e78-9cf0-c5fe8cc26df4}</UniqueIdentifier>
    </Filter>
    <Filter Include="25. Map\01. Ground">
      <UniqueIdentifier>{a3bdc039-4fdb-4ff9-8ad3-37bd61f93a63}</UniqueIdentifier>
    </Filter>
    <Filter Include="25. Map\02. Object">
      <UniqueIdentifier>{4fe5797a-8cef-41a2-ba84-cf2a649866eb}</UniqueIdentifier>
    </Filter>
    <Filter Include="03. Manager\09. InventoryManager">
      <UniqueIdentifier>{7984f679-3cdb-423c-8fae-3df3161fe4a9}</UniqueIdentifier>
    </Filter>
    <Filter Include="23. Item\00. Item">
      <UniqueIdentifier>{4e0028ad-07a7-48b6-a495-6e63134cb1c6}</UniqueIdentifier>
    </Filter>
    <Filter Include="23. Item\01. Cartridge">
      <UniqueIdentifier>{bf16409e-f291-4d9a-9a20-6984964964c5}</UniqueIdentifier>
    </Filter>
    <Filter Include="10. Utils\04. Resource">
      <UniqueIdentifier>{10e0ae8e-a30a-4449-8837-52cf8ec0918d}</UniqueIdentifier>
    </Filter>
    <Filter Include="23. Item\02. Coin">
      <UniqueIdentifier>{e9e26870-baba-4998-88cd-02a350c771d9}</UniqueIdentifier>
    </Filter>
    <Filter Include="23. Item\03. Bomb">
      <UniqueIdentifier>{3cbb5e5d-4967-4e47-b04a-dd0307362ce3}</UniqueIdentifier>
    </Filter>
    <Filter Include="03. Manager\10. SoundManager">
      <UniqueIdentifier>{dec47ae4-661a-457c-be52-44f2ecbcb88d}</UniqueIdentifier>
    </Filter>
    <Filter Include="21. Enemy\00. Boss">
      <UniqueIdentifier>{55e8eede-2ddb-41dd-beb7-971bc5edb9df}</UniqueIdentifier>
    </Filter>
    <Filter Include="21. Enemy\00. Boss\00. Boss">
      <UniqueIdentifier>{75da90e0-2ae2-4d83-af3a-9b18309efa0c}</UniqueIdentifier>
    </Filter>
    <Filter Include="21. Enemy\00. Boss\01. StateMachine">
      <UniqueIdentifier>{9777c9f8-d4ac-4159-8537-9da2db1722b2}</UniqueIdentifier>
    </Filter>
    <Filter Include="21. Enemy\00. Boss\02. State">
      <UniqueIdentifier>{7e2f33d6-748d-4351-b479-809f8e072494}</UniqueIdentifier>
    </Filter>
    <Filter Include="21. Enemy\00. Boss\02. State\01. BossState">
      <UniqueIdentifier>{3235134b-9cea-4870-bd2e-b413b7d50748}</UniqueIdentifier>
    </Filter>
    <Filter Include="24. Bullet\02. EnemyBullet">
      <UniqueIdentifier>{afac0bb8-42ec-4b17-9b7a-88cd7bbaebe8}</UniqueIdentifier>
    </Filter>
    <Filter Include="25. Map\03. Teleport">
      <UniqueIdentifier>{a9e0dc25-928c-453b-a7ae-0716f54476f5}</UniqueIdentifier>
    </Filter>
  </ItemGroup>
  <ItemGroup>
    <ClInclude Include="framework.h">
      <Filter>헤더 파일</Filter>
    </ClInclude>
    <ClInclude Include="targetver.h">
      <Filter>헤더 파일</Filter>
    </ClInclude>
    <ClInclude Include="Resource.h">
      <Filter>헤더 파일</Filter>
    </ClInclude>
    <ClInclude Include="EnterTheGungeon.h">
      <Filter>헤더 파일</Filter>
    </ClInclude>
    <ClInclude Include="pch.h">
      <Filter>헤더 파일</Filter>
    </ClInclude>
    <ClInclude Include="CMainGame.h">
      <Filter>00. MainGame</Filter>
    </ClInclude>
    <ClInclude Include="Define.h">
      <Filter>헤더 파일</Filter>
    </ClInclude>
    <ClInclude Include="CObject.h">
      <Filter>01. Object\00. Object</Filter>
    </ClInclude>
    <ClInclude Include="CCollider.h">
      <Filter>02. Component\00. Core</Filter>
    </ClInclude>
    <ClInclude Include="CRenderer.h">
      <Filter>02. Component\00. Core</Filter>
    </ClInclude>
    <ClInclude Include="Vector2.h">
      <Filter>10. Utils\00. Vector</Filter>
    </ClInclude>
    <ClInclude Include="CTransform.h">
      <Filter>02. Component\00. Core</Filter>
    </ClInclude>
    <ClInclude Include="CStateMachine.h">
      <Filter>02. Component\01. State</Filter>
    </ClInclude>
    <ClInclude Include="CState.h">
      <Filter>02. Component\01. State</Filter>
    </ClInclude>
    <ClInclude Include="CAnimation.h">
      <Filter>02. Component\02. Animation</Filter>
    </ClInclude>
    <ClInclude Include="CPlayer.h">
      <Filter>20. Player\00. Player</Filter>
    </ClInclude>
    <ClInclude Include="CPlayerStateMachine.h">
      <Filter>20. Player\01. StateMachine</Filter>
    </ClInclude>
    <ClInclude Include="CPlayerIdleState.h">
      <Filter>20. Player\02. State</Filter>
    </ClInclude>
    <ClInclude Include="CSTLHelper.h">
      <Filter>10. Utils\02. STL</Filter>
    </ClInclude>
    <ClInclude Include="CBmp.h">
      <Filter>03. Manager\03. BmpManager\00. Bmp</Filter>
    </ClInclude>
    <ClInclude Include="CBmpManager.h">
      <Filter>03. Manager\03. BmpManager</Filter>
    </ClInclude>
    <ClInclude Include="CSceneManager.h">
      <Filter>03. Manager\02. SceneManager</Filter>
    </ClInclude>
    <ClInclude Include="CScene.h">
      <Filter>04. Scene</Filter>
    </ClInclude>
    <ClInclude Include="CMainScene.h">
      <Filter>04. Scene</Filter>
    </ClInclude>
    <ClInclude Include="CIntroScene.h">
      <Filter>04. Scene</Filter>
    </ClInclude>
    <ClInclude Include="CInputManager.h">
      <Filter>03. Manager\01. InputManager</Filter>
    </ClInclude>
    <ClInclude Include="CInputKeyInfo.h">
      <Filter>03. Manager\01. InputManager\KeyInfo</Filter>
    </ClInclude>
    <ClInclude Include="CObjectManager.h">
      <Filter>03. Manager\04. ObjectManager</Filter>
    </ClInclude>
    <ClInclude Include="CManager.h">
      <Filter>03. Manager\00. Manager</Filter>
    </ClInclude>
    <ClInclude Include="CObjectFactory.h">
      <Filter>10. Utils\01. Object\ObjectFactory</Filter>
    </ClInclude>
    <ClInclude Include="CRelease.h">
      <Filter>10. Utils\01. Object\Release</Filter>
    </ClInclude>
    <ClInclude Include="CComponent.h">
      <Filter>02. Component</Filter>
    </ClInclude>
    <ClInclude Include="CTestSCene.h">
      <Filter>04. Scene</Filter>
    </ClInclude>
    <ClInclude Include="CStat.h">
      <Filter>02. Component\03. Stat</Filter>
    </ClInclude>
    <ClInclude Include="CPlayerState.h">
      <Filter>20. Player\02. State\00. PlayerState</Filter>
    </ClInclude>
    <ClInclude Include="CPlayerWalkState.h">
      <Filter>20. Player\02. State</Filter>
    </ClInclude>
    <ClInclude Include="CPlayerDodgeState.h">
      <Filter>20. Player\02. State</Filter>
    </ClInclude>
    <ClInclude Include="CCameraManager.h">
      <Filter>03. Manager\05. CameraManager</Filter>
    </ClInclude>
    <ClInclude Include="CCollisionManager.h">
      <Filter>03. Manager\06. CollisionManager</Filter>
    </ClInclude>
    <ClInclude Include="CUIComponent.h">
      <Filter>05.UI\00. UIComponent</Filter>
    </ClInclude>
    <ClInclude Include="CPointerHandler.h">
      <Filter>05.UI\00. UIComponent\01. Pointer</Filter>
    </ClInclude>
    <ClInclude Include="CButton.h">
      <Filter>05.UI\01. Button</Filter>
    </ClInclude>
    <ClInclude Include="CMapManager.h">
      <Filter>03. Manager\07. CMapManager</Filter>
    </ClInclude>
    <ClInclude Include="CBullet.h">
      <Filter>24. Bullet\00. Bullet</Filter>
    </ClInclude>
    <ClInclude Include="CPlayerBullet.h">
      <Filter>24. Bullet\01. PlayerBullet</Filter>
    </ClInclude>
    <ClInclude Include="CMouse.h">
      <Filter>05.UI\02. Mouse</Filter>
    </ClInclude>
    <ClInclude Include="Vignette.h">
      <Filter>헤더 파일</Filter>
    </ClInclude>
    <ClInclude Include="CWeapon.h">
      <Filter>22. Weapon</Filter>
    </ClInclude>
    <ClInclude Include="CUIManager.h">
      <Filter>03. Manager\08. UIManager</Filter>
    </ClInclude>
    <ClInclude Include="CPlayerWeapon.h">
      <Filter>22. Weapon</Filter>
    </ClInclude>
    <ClInclude Include="CReloadBar.h">
      <Filter>05.UI\03. HUD</Filter>
    </ClInclude>
    <ClInclude Include="CPlayerInfo.h">
      <Filter>05.UI\03. HUD</Filter>
    </ClInclude>
    <ClInclude Include="CMap.h">
      <Filter>25. Map\00. Map</Filter>
    </ClInclude>
    <ClInclude Include="CMapGround.h">
      <Filter>25. Map\01. Ground</Filter>
    </ClInclude>
    <ClInclude Include="CMapObject.h">
      <Filter>25. Map\02. Object</Filter>
    </ClInclude>
    <ClInclude Include="CTableObject.h">
      <Filter>25. Map\02. Object</Filter>
    </ClInclude>
    <ClInclude Include="CInventory.h">
      <Filter>03. Manager\09. InventoryManager</Filter>
    </ClInclude>
    <ClInclude Include="CItem.h">
      <Filter>23. Item\00. Item</Filter>
    </ClInclude>
    <ClInclude Include="CCartridge.h">
      <Filter>23. Item\01. Cartridge</Filter>
    </ClInclude>
    <ClInclude Include="CResourceLoader.h">
      <Filter>10. Utils\04. Resource</Filter>
    </ClInclude>
    <ClInclude Include="CCoin.h">
      <Filter>23. Item\02. Coin</Filter>
    </ClInclude>
    <ClInclude Include="CBomb.h">
      <Filter>23. Item\03. Bomb</Filter>
    </ClInclude>
    <ClInclude Include="CSoundManager.h">
      <Filter>03. Manager\10. SoundManager</Filter>
    </ClInclude>
    <ClInclude Include="CBossState.h">
      <Filter>21. Enemy\00. Boss\02. State\01. BossState</Filter>
    </ClInclude>
    <ClInclude Include="CBossStateMachine.h">
      <Filter>21. Enemy\00. Boss\01. StateMachine</Filter>
    </ClInclude>
    <ClInclude Include="CBoss.h">
      <Filter>21. Enemy\00. Boss\00. Boss</Filter>
    </ClInclude>
    <ClInclude Include="CBossCheeseAttackState.h">
      <Filter>21. Enemy\00. Boss\02. State</Filter>
    </ClInclude>
    <ClInclude Include="CBossDodgeState.h">
      <Filter>21. Enemy\00. Boss\02. State</Filter>
    </ClInclude>
    <ClInclude Include="CBossIdleState.h">
      <Filter>21. Enemy\00. Boss\02. State</Filter>
    </ClInclude>
    <ClInclude Include="CBossKunaiAttackState.h">
      <Filter>21. Enemy\00. Boss\02. State</Filter>
    </ClInclude>
    <ClInclude Include="CBossSummonAttackState.h">
      <Filter>21. Enemy\00. Boss\02. State</Filter>
    </ClInclude>
    <ClInclude Include="CBossWalkState.h">
      <Filter>21. Enemy\00. Boss\02. State</Filter>
    </ClInclude>
    <ClInclude Include="CBossBullet.h">
      <Filter>24. Bullet\02. EnemyBullet</Filter>
    </ClInclude>
    <ClInclude Include="CStage01.h">
      <Filter>04. Scene</Filter>
    </ClInclude>
    <ClInclude Include="CTeleport.h">
      <Filter>25. Map\03. Teleport</Filter>
    </ClInclude>
    <ClInclude Include="CStage02.h">
      <Filter>04. Scene</Filter>
    </ClInclude>
    <ClInclude Include="CBossDeadState.h">
      <Filter>21. Enemy\00. Boss\02. State</Filter>
    </ClInclude>
  </ItemGroup>
  <ItemGroup>
    <ClCompile Include="pch.cpp">
      <Filter>소스 파일</Filter>
    </ClCompile>
    <ClCompile Include="CMainGame.cpp">
      <Filter>00. MainGame</Filter>
    </ClCompile>
    <ClCompile Include="CObject.cpp">
      <Filter>01. Object\00. Object</Filter>
    </ClCompile>
    <ClCompile Include="CCollider.cpp">
      <Filter>02. Component\00. Core</Filter>
    </ClCompile>
    <ClCompile Include="CRenderer.cpp">
      <Filter>02. Component\00. Core</Filter>
    </ClCompile>
    <ClCompile Include="Vector2.cpp">
      <Filter>10. Utils\00. Vector</Filter>
    </ClCompile>
    <ClCompile Include="CTransform.cpp">
      <Filter>02. Component\00. Core</Filter>
    </ClCompile>
    <ClCompile Include="CStateMachine.cpp">
      <Filter>02. Component\01. State</Filter>
    </ClCompile>
    <ClCompile Include="CState.cpp">
      <Filter>02. Component\01. State</Filter>
    </ClCompile>
    <ClCompile Include="CAnimation.cpp">
      <Filter>02. Component\02. Animation</Filter>
    </ClCompile>
    <ClCompile Include="CPlayer.cpp">
      <Filter>20. Player\00. Player</Filter>
    </ClCompile>
    <ClCompile Include="CPlayerStateMachine.cpp">
      <Filter>20. Player\01. StateMachine</Filter>
    </ClCompile>
    <ClCompile Include="CPlayerIdleState.cpp">
      <Filter>20. Player\02. State</Filter>
    </ClCompile>
    <ClCompile Include="CSTLHelper.cpp">
      <Filter>10. Utils\02. STL</Filter>
    </ClCompile>
    <ClCompile Include="CBmp.cpp">
      <Filter>03. Manager\03. BmpManager\00. Bmp</Filter>
    </ClCompile>
    <ClCompile Include="CBmpManager.cpp">
      <Filter>03. Manager\03. BmpManager</Filter>
    </ClCompile>
    <ClCompile Include="CSceneManager.cpp">
      <Filter>03. Manager\02. SceneManager</Filter>
    </ClCompile>
    <ClCompile Include="CMainScene.cpp">
      <Filter>04. Scene</Filter>
    </ClCompile>
    <ClCompile Include="CIntroScene.cpp">
      <Filter>04. Scene</Filter>
    </ClCompile>
    <ClCompile Include="CScene.cpp">
      <Filter>04. Scene</Filter>
    </ClCompile>
    <ClCompile Include="CInputManager.cpp">
      <Filter>03. Manager\01. InputManager</Filter>
    </ClCompile>
    <ClCompile Include="CInputKeyInfo.cpp">
      <Filter>03. Manager\01. InputManager\KeyInfo</Filter>
    </ClCompile>
    <ClCompile Include="CObjectManager.cpp">
      <Filter>03. Manager\04. ObjectManager</Filter>
    </ClCompile>
    <ClCompile Include="CManager.cpp">
      <Filter>03. Manager\00. Manager</Filter>
    </ClCompile>
    <ClCompile Include="CObjectFactory.cpp">
      <Filter>10. Utils\01. Object\ObjectFactory</Filter>
    </ClCompile>
    <ClCompile Include="CRelease.cpp">
      <Filter>10. Utils\01. Object\Release</Filter>
    </ClCompile>
    <ClCompile Include="CComponent.cpp">
      <Filter>02. Component</Filter>
    </ClCompile>
    <ClCompile Include="CTestSCene.cpp">
      <Filter>04. Scene</Filter>
    </ClCompile>
    <ClCompile Include="CStat.cpp">
      <Filter>02. Component\03. Stat</Filter>
    </ClCompile>
    <ClCompile Include="CPlayerState.cpp">
      <Filter>20. Player\02. State\00. PlayerState</Filter>
    </ClCompile>
    <ClCompile Include="CPlayerWalkState.cpp">
      <Filter>20. Player\02. State</Filter>
    </ClCompile>
    <ClCompile Include="CPlayerDodgeState.cpp">
      <Filter>20. Player\02. State</Filter>
    </ClCompile>
    <ClCompile Include="CCameraManager.cpp">
      <Filter>03. Manager\05. CameraManager</Filter>
    </ClCompile>
    <ClCompile Include="CCollisionManager.cpp">
      <Filter>03. Manager\06. CollisionManager</Filter>
    </ClCompile>
    <ClCompile Include="CUIComponent.cpp">
      <Filter>05.UI\00. UIComponent</Filter>
    </ClCompile>
    <ClCompile Include="CPointerHandler.cpp">
      <Filter>05.UI\00. UIComponent\01. Pointer</Filter>
    </ClCompile>
    <ClCompile Include="CButton.cpp">
      <Filter>05.UI\01. Button</Filter>
    </ClCompile>
    <ClCompile Include="CMapManager.cpp">
      <Filter>03. Manager\07. CMapManager</Filter>
    </ClCompile>
    <ClCompile Include="EnterTheGungeon.cpp">
      <Filter>헤더 파일</Filter>
    </ClCompile>
    <ClCompile Include="CBullet.cpp">
      <Filter>24. Bullet\00. Bullet</Filter>
    </ClCompile>
    <ClCompile Include="CPlayerBullet.cpp">
      <Filter>24. Bullet\01. PlayerBullet</Filter>
    </ClCompile>
    <ClCompile Include="CMouse.cpp">
      <Filter>05.UI\02. Mouse</Filter>
    </ClCompile>
    <ClCompile Include="Vignette.cpp">
      <Filter>소스 파일</Filter>
    </ClCompile>
    <ClCompile Include="CWeapon.cpp">
      <Filter>22. Weapon</Filter>
    </ClCompile>
    <ClCompile Include="CUIManager.cpp">
      <Filter>03. Manager\08. UIManager</Filter>
    </ClCompile>
    <ClCompile Include="CPlayerWeapon.cpp">
      <Filter>22. Weapon</Filter>
    </ClCompile>
    <ClCompile Include="CReloadBar.cpp">
      <Filter>05.UI\03. HUD</Filter>
    </ClCompile>
    <ClCompile Include="CPlayerInfo.cpp">
      <Filter>05.UI\03. HUD</Filter>
    </ClCompile>
    <ClCompile Include="CMap.cpp">
      <Filter>25. Map\00. Map</Filter>
    </ClCompile>
    <ClCompile Include="CMapGround.cpp">
      <Filter>25. Map\01. Ground</Filter>
    </ClCompile>
    <ClCompile Include="CMapObject.cpp">
      <Filter>25. Map\02. Object</Filter>
    </ClCompile>
    <ClCompile Include="CTableObject.cpp">
      <Filter>25. Map\02. Object</Filter>
    </ClCompile>
    <ClCompile Include="CInventory.cpp">
      <Filter>03. Manager\09. InventoryManager</Filter>
    </ClCompile>
    <ClCompile Include="CItem.cpp">
      <Filter>23. Item\00. Item</Filter>
    </ClCompile>
    <ClCompile Include="CCartridge.cpp">
      <Filter>23. Item\01. Cartridge</Filter>
    </ClCompile>
    <ClCompile Include="CResourceLoader.cpp">
      <Filter>10. Utils\04. Resource</Filter>
    </ClCompile>
    <ClCompile Include="CCoin.cpp">
      <Filter>23. Item\02. Coin</Filter>
    </ClCompile>
    <ClCompile Include="CBomb.cpp">
      <Filter>23. Item\03. Bomb</Filter>
    </ClCompile>
    <ClCompile Include="CSoundManager.cpp">
      <Filter>03. Manager\10. SoundManager</Filter>
    </ClCompile>
    <ClCompile Include="CBossState.cpp">
      <Filter>21. Enemy\00. Boss\02. State\01. BossState</Filter>
    </ClCompile>
    <ClCompile Include="CBossStateMachine.cpp">
      <Filter>21. Enemy\00. Boss\01. StateMachine</Filter>
    </ClCompile>
    <ClCompile Include="CBoss.cpp">
      <Filter>21. Enemy\00. Boss\00. Boss</Filter>
    </ClCompile>
    <ClCompile Include="CBossKunaiAttackState.cpp">
      <Filter>21. Enemy\00. Boss\02. State</Filter>
    </ClCompile>
    <ClCompile Include="CBossCheeseAttackState.cpp">
      <Filter>21. Enemy\00. Boss\02. State</Filter>
    </ClCompile>
    <ClCompile Include="CBossDodgeState.cpp">
      <Filter>21. Enemy\00. Boss\02. State</Filter>
    </ClCompile>
    <ClCompile Include="CBossIdleState.cpp">
      <Filter>21. Enemy\00. Boss\02. State</Filter>
    </ClCompile>
    <ClCompile Include="CBossWalkState.cpp">
      <Filter>21. Enemy\00. Boss\02. State</Filter>
    </ClCompile>
    <ClCompile Include="CBossSummonAttackState.cpp">
      <Filter>21. Enemy\00. Boss\02. State</Filter>
    </ClCompile>
    <ClCompile Include="CBossBullet.cpp">
      <Filter>24. Bullet\02. EnemyBullet</Filter>
    </ClCompile>
    <ClCompile Include="CStage01.cpp">
      <Filter>04. Scene</Filter>
    </ClCompile>
    <ClCompile Include="CTeleport.cpp">
      <Filter>25. Map\03. Teleport</Filter>
    </ClCompile>
    <ClCompile Include="CStage02.cpp">
      <Filter>04. Scene</Filter>
    </ClCompile>
    <ClCompile Include="CBossDeadState.cpp">
      <Filter>21. Enemy\00. Boss\02. State</Filter>
    </ClCompile>
  </ItemGroup>
  <ItemGroup>
    <ResourceCompile Include="EnterTheGungeon.rc">
      <Filter>리소스 파일</Filter>
    </ResourceCompile>
  </ItemGroup>
  <ItemGroup>
    <Image Include="small.ico">
      <Filter>리소스 파일</Filter>
    </Image>
    <Image Include="EnterTheGungeon.ico">
      <Filter>리소스 파일</Filter>
    </Image>
  </ItemGroup>
</Project>