
Microsoft Visual Studio Solution File, Format Version 12.00
# Visual Studio Version 17
VisualStudioVersion = 17.14.36212.18 d17.14
MinimumVisualStudioVersion = 10.0.40219.1
Project("{8BC9CEB8-8B4A-11D0-8D11-00A0C91BC942}") = "EnterTheGungeon", "EnterTheGungeon.vcxproj", "{108057DE-8F6D-437A-AEF1-B710E65F6E53}"
EndProject
Global
	GlobalSection(SolutionConfigurationPlatforms) = preSolution
		Debug|x64 = Debug|x64
		Debug|x86 = Debug|x86
		Release|x64 = Release|x64
		Release|x86 = Release|x86
	EndGlobalSection
	GlobalSection(ProjectConfigurationPlatforms) = postSolution
		{108057DE-8F6D-437A-AEF1-B710E65F6E53}.Debug|x64.ActiveCfg = Debug|x64
		{108057DE-8F6D-437A-AEF1-B710E65F6E53}.Debug|x64.Build.0 = Debug|x64
		{108057DE-8F6D-437A-AEF1-B710E65F6E53}.Debug|x86.ActiveCfg = Debug|Win32
		{108057DE-8F6D-437A-AEF1-B710E65F6E53}.Debug|x86.Build.0 = Debug|Win32
		{108057DE-8F6D-437A-AEF1-B710E65F6E53}.Release|x64.ActiveCfg = Release|x64
		{108057DE-8F6D-437A-AEF1-B710E65F6E53}.Release|x64.Build.0 = Release|x64
		{108057DE-8F6D-437A-AEF1-B710E65F6E53}.Release|x86.ActiveCfg = Release|Win32
		{108057DE-8F6D-437A-AEF1-B710E65F6E53}.Release|x86.Build.0 = Release|Win32
	EndGlobalSection
	GlobalSection(SolutionProperties) = preSolution
		HideSolutionNode = FALSE
	EndGlobalSection
	GlobalSection(ExtensibilityGlobals) = postSolution
		SolutionGuid = {DFCB2F6F-1623-44CB-9F27-5F0EC9DD7A28}
	EndGlobalSection
EndGlobal
